
Microsoft Visual Studio Solution File, Format Version 12.00
Project("{FAE04EC0-301F-11D3-BF4B-00C04F79EFBC}") = "DStateMachine.Core", "DStateMachine.Core\DStateMachine.Core.csproj", "{C42AE23F-532C-4FBD-99A2-B57D6378C5A8}"
EndProject
Project("{2150E333-8FDC-42A3-9474-1A3956D46DE8}") = "Src", "Src", "{5286A555-7D9D-4196-A8CC-6D62517AAE02}"
EndProject
Project("{2150E333-8FDC-42A3-9474-1A3956D46DE8}") = "Tests", "Tests", "{86283690-893D-45A8-BEAC-32769013539B}"
EndProject
Project("{FAE04EC0-301F-11D3-BF4B-00C04F79EFBC}") = "DStateMachine.Tests", "DStateMachine.Tests\DStateMachine.Tests.csproj", "{5FD51D82-4A39-4F49-B266-54DFA936894D}"
EndProject
Global
	GlobalSection(SolutionConfigurationPlatforms) = preSolution
		Debug|Any CPU = Debug|Any CPU
		Release|Any CPU = Release|Any CPU
	EndGlobalSection
	GlobalSection(ProjectConfigurationPlatforms) = postSolution
		{C42AE23F-532C-4FBD-99A2-B57D6378C5A8}.Debug|Any CPU.ActiveCfg = Debug|Any CPU
		{C42AE23F-532C-4FBD-99A2-B57D6378C5A8}.Debug|Any CPU.Build.0 = Debug|Any CPU
		{C42AE23F-532C-4FBD-99A2-B57D6378C5A8}.Release|Any CPU.ActiveCfg = Release|Any CPU
		{C42AE23F-532C-4FBD-99A2-B57D6378C5A8}.Release|Any CPU.Build.0 = Release|Any CPU
		{5FD51D82-4A39-4F49-B266-54DFA936894D}.Debug|Any CPU.ActiveCfg = Debug|Any CPU
		{5FD51D82-4A39-4F49-B266-54DFA936894D}.Debug|Any CPU.Build.0 = Debug|Any CPU
		{5FD51D82-4A39-4F49-B266-54DFA936894D}.Release|Any CPU.ActiveCfg = Release|Any CPU
		{5FD51D82-4A39-4F49-B266-54DFA936894D}.Release|Any CPU.Build.0 = Release|Any CPU
	EndGlobalSection
	GlobalSection(NestedProjects) = preSolution
		{C42AE23F-532C-4FBD-99A2-B57D6378C5A8} = {5286A555-7D9D-4196-A8CC-6D62517AAE02}
		{5FD51D82-4A39-4F49-B266-54DFA936894D} = {86283690-893D-45A8-BEAC-32769013539B}
	EndGlobalSection
EndGlobal
